
Microsoft Visual Studio Solution File, Format Version 12.00
# Visual Studio Version 17
VisualStudioVersion = 17.3.32922.545
MinimumVisualStudioVersion = 10.0.40219.1
Project("{FAE04EC0-301F-11D3-BF4B-00C04F79EFBC}") = "operatiiCuNumereMari", "operatiiCuNumereMari.csproj", "{13CCBF97-0CEF-45E3-B371-44A20B476FCC}"
EndProject
Global
	GlobalSection(SolutionConfigurationPlatforms) = preSolution
		Debug|Any CPU = Debug|Any CPU
		Release|Any CPU = Release|Any CPU
	EndGlobalSection
	GlobalSection(ProjectConfigurationPlatforms) = postSolution
		{13CCBF97-0CEF-45E3-B371-44A20B476FCC}.Debug|Any CPU.ActiveCfg = Debug|Any CPU
		{13CCBF97-0CEF-45E3-B371-44A20B476FCC}.Debug|Any CPU.Build.0 = Debug|Any CPU
		{13CCBF97-0CEF-45E3-B371-44A20B476FCC}.Release|Any CPU.ActiveCfg = Release|Any CPU
		{13CCBF97-0CEF-45E3-B371-44A20B476FCC}.Release|Any CPU.Build.0 = Release|Any CPU
	EndGlobalSection
	GlobalSection(SolutionProperties) = preSolution
		HideSolutionNode = FALSE
	EndGlobalSection
	GlobalSection(ExtensibilityGlobals) = postSolution
		SolutionGuid = {E9F79F1C-4F09-4FB2-A5D7-AA19DA2C3DCF}
	EndGlobalSection
EndGlobal
